// !$*UTF8*$!
{
	archiveVersion = 1;
	classes = {
	};
	objectVersion = 46;
	objects = {

/* Begin PBXBuildFile section */
		6201FDD41CD1AF22007D1363 /* main.m in Sources */ = {isa = PBXBuildFile; fileRef = 6201FDD31CD1AF22007D1363 /* main.m */; };
		6201FDD71CD1AF22007D1363 /* AppDelegate.m in Sources */ = {isa = PBXBuildFile; fileRef = 6201FDD61CD1AF22007D1363 /* AppDelegate.m */; };
		6201FDDA1CD1AF22007D1363 /* ViewController.m in Sources */ = {isa = PBXBuildFile; fileRef = 6201FDD91CD1AF22007D1363 /* ViewController.m */; };
		6201FDDD1CD1AF22007D1363 /* Main.storyboard in Resources */ = {isa = PBXBuildFile; fileRef = 6201FDDB1CD1AF22007D1363 /* Main.storyboard */; };
		6201FDDF1CD1AF22007D1363 /* Assets.xcassets in Resources */ = {isa = PBXBuildFile; fileRef = 6201FDDE1CD1AF22007D1363 /* Assets.xcassets */; };
		6201FDE21CD1AF22007D1363 /* LaunchScreen.storyboard in Resources */ = {isa = PBXBuildFile; fileRef = 6201FDE01CD1AF22007D1363 /* LaunchScreen.storyboard */; };
		EC812077F61D377C6D675444 /* libPods-DoubanFM.a in Frameworks */ = {isa = PBXBuildFile; fileRef = 1596286ABEDEAF75052CED8F /* libPods-DoubanFM.a */; };
		F5F1793B1CDB566500F1D00D /* Default-568h.png in Resources */ = {isa = PBXBuildFile; fileRef = F5F1792E1CDB566500F1D00D /* Default-568h.png */; };
		F5F1793C1CDB566500F1D00D /* Default-568h@2x.png in Resources */ = {isa = PBXBuildFile; fileRef = F5F1792F1CDB566500F1D00D /* Default-568h@2x.png */; };
		F5F1793D1CDB566500F1D00D /* Default-iphone6@2x.png in Resources */ = {isa = PBXBuildFile; fileRef = F5F179301CDB566500F1D00D /* Default-iphone6@2x.png */; };
		F5F1793E1CDB566500F1D00D /* Default-iphone6plus@3x.png in Resources */ = {isa = PBXBuildFile; fileRef = F5F179311CDB566500F1D00D /* Default-iphone6plus@3x.png */; };
		F5F1793F1CDB566500F1D00D /* Default.png in Resources */ = {isa = PBXBuildFile; fileRef = F5F179321CDB566500F1D00D /* Default.png */; };
		F5F179401CDB566500F1D00D /* Default@2x.png in Resources */ = {isa = PBXBuildFile; fileRef = F5F179331CDB566500F1D00D /* Default@2x.png */; };
		F5F179411CDB566500F1D00D /* LaunchImage-568h@2x.png in Resources */ = {isa = PBXBuildFile; fileRef = F5F179341CDB566500F1D00D /* LaunchImage-568h@2x.png */; };
		F5F179421CDB566500F1D00D /* LaunchImage-700-568h@2x.png in Resources */ = {isa = PBXBuildFile; fileRef = F5F179351CDB566500F1D00D /* LaunchImage-700-568h@2x.png */; };
		F5F179431CDB566500F1D00D /* LaunchImage-700@2x.png in Resources */ = {isa = PBXBuildFile; fileRef = F5F179361CDB566500F1D00D /* LaunchImage-700@2x.png */; };
		F5F179441CDB566500F1D00D /* LaunchImage-800-667h@2x.png in Resources */ = {isa = PBXBuildFile; fileRef = F5F179371CDB566500F1D00D /* LaunchImage-800-667h@2x.png */; };
		F5F179451CDB566500F1D00D /* LaunchImage-800-Portrait-736h@3x.png in Resources */ = {isa = PBXBuildFile; fileRef = F5F179381CDB566500F1D00D /* LaunchImage-800-Portrait-736h@3x.png */; };
		F5F179461CDB566500F1D00D /* LaunchImage.png in Resources */ = {isa = PBXBuildFile; fileRef = F5F179391CDB566500F1D00D /* LaunchImage.png */; };
		F5F179471CDB566500F1D00D /* LaunchImage@2x.png in Resources */ = {isa = PBXBuildFile; fileRef = F5F1793A1CDB566500F1D00D /* LaunchImage@2x.png */; };
		F5F1794C1CDB566F00F1D00D /* player_btn_close_highlight@2x.png in Resources */ = {isa = PBXBuildFile; fileRef = F5F179481CDB566F00F1D00D /* player_btn_close_highlight@2x.png */; };
		F5F1794D1CDB566F00F1D00D /* player_btn_close_normal@2x.png in Resources */ = {isa = PBXBuildFile; fileRef = F5F179491CDB566F00F1D00D /* player_btn_close_normal@2x.png */; };
		F5F1794E1CDB566F00F1D00D /* player_btn_more_highlight@2x.png in Resources */ = {isa = PBXBuildFile; fileRef = F5F1794A1CDB566F00F1D00D /* player_btn_more_highlight@2x.png */; };
		F5F1794F1CDB566F00F1D00D /* player_btn_more_normal@2x.png in Resources */ = {isa = PBXBuildFile; fileRef = F5F1794B1CDB566F00F1D00D /* player_btn_more_normal@2x.png */; };
		F5F179581CDB567900F1D00D /* player_btn_next_highlight@2x.png in Resources */ = {isa = PBXBuildFile; fileRef = F5F179501CDB567900F1D00D /* player_btn_next_highlight@2x.png */; };
		F5F179591CDB567900F1D00D /* player_btn_next_normal@2x.png in Resources */ = {isa = PBXBuildFile; fileRef = F5F179511CDB567900F1D00D /* player_btn_next_normal@2x.png */; };
		F5F1795A1CDB567900F1D00D /* player_btn_pause_highlight@2x.png in Resources */ = {isa = PBXBuildFile; fileRef = F5F179521CDB567900F1D00D /* player_btn_pause_highlight@2x.png */; };
		F5F1795B1CDB567900F1D00D /* player_btn_pause_normal@2x.png in Resources */ = {isa = PBXBuildFile; fileRef = F5F179531CDB567900F1D00D /* player_btn_pause_normal@2x.png */; };
		F5F1795C1CDB567900F1D00D /* player_btn_play_highlight@2x.png in Resources */ = {isa = PBXBuildFile; fileRef = F5F179541CDB567900F1D00D /* player_btn_play_highlight@2x.png */; };
		F5F1795D1CDB567900F1D00D /* player_btn_play_normal@2x.png in Resources */ = {isa = PBXBuildFile; fileRef = F5F179551CDB567900F1D00D /* player_btn_play_normal@2x.png */; };
		F5F1795E1CDB567900F1D00D /* player_btn_pre_highlight@2x.png in Resources */ = {isa = PBXBuildFile; fileRef = F5F179561CDB567900F1D00D /* player_btn_pre_highlight@2x.png */; };
		F5F1795F1CDB567900F1D00D /* player_btn_pre_normal@2x.png in Resources */ = {isa = PBXBuildFile; fileRef = F5F179571CDB567900F1D00D /* player_btn_pre_normal@2x.png */; };
		F5F179631CDB568400F1D00D /* player_slider_playback_left@2x.png in Resources */ = {isa = PBXBuildFile; fileRef = F5F179601CDB568400F1D00D /* player_slider_playback_left@2x.png */; };
		F5F179641CDB568400F1D00D /* player_slider_playback_right@2x.png in Resources */ = {isa = PBXBuildFile; fileRef = F5F179611CDB568400F1D00D /* player_slider_playback_right@2x.png */; };
		F5F179651CDB568400F1D00D /* player_slider_playback_thumb@2x.png in Resources */ = {isa = PBXBuildFile; fileRef = F5F179621CDB568400F1D00D /* player_slider_playback_thumb@2x.png */; };
		F5F1797E1CDB569000F1D00D /* player_btn_download_disable@2x.png in Resources */ = {isa = PBXBuildFile; fileRef = F5F179661CDB569000F1D00D /* player_btn_download_disable@2x.png */; };
		F5F1797F1CDB569000F1D00D /* player_btn_download_highlight@2x.png in Resources */ = {isa = PBXBuildFile; fileRef = F5F179671CDB569000F1D00D /* player_btn_download_highlight@2x.png */; };
		F5F179801CDB569000F1D00D /* player_btn_download_normal@2x.png in Resources */ = {isa = PBXBuildFile; fileRef = F5F179681CDB569000F1D00D /* player_btn_download_normal@2x.png */; };
		F5F179811CDB569000F1D00D /* player_btn_downloaded_highlight@2x.png in Resources */ = {isa = PBXBuildFile; fileRef = F5F179691CDB569000F1D00D /* player_btn_downloaded_highlight@2x.png */; };
		F5F179821CDB569000F1D00D /* player_btn_downloaded_normal@2x.png in Resources */ = {isa = PBXBuildFile; fileRef = F5F1796A1CDB569000F1D00D /* player_btn_downloaded_normal@2x.png */; };
		F5F179831CDB569000F1D00D /* player_btn_favorite_disable@2x.png in Resources */ = {isa = PBXBuildFile; fileRef = F5F1796B1CDB569000F1D00D /* player_btn_favorite_disable@2x.png */; };
		F5F179841CDB569000F1D00D /* player_btn_favorite_highlight@2x.png in Resources */ = {isa = PBXBuildFile; fileRef = F5F1796C1CDB569000F1D00D /* player_btn_favorite_highlight@2x.png */; };
		F5F179851CDB569000F1D00D /* player_btn_favorite_normal@2x.png in Resources */ = {isa = PBXBuildFile; fileRef = F5F1796D1CDB569000F1D00D /* player_btn_favorite_normal@2x.png */; };
		F5F179861CDB569000F1D00D /* player_btn_favorited_highlight@2x.png in Resources */ = {isa = PBXBuildFile; fileRef = F5F1796E1CDB569000F1D00D /* player_btn_favorited_highlight@2x.png */; };
		F5F179871CDB569000F1D00D /* player_btn_favorited_normal@2x.png in Resources */ = {isa = PBXBuildFile; fileRef = F5F1796F1CDB569000F1D00D /* player_btn_favorited_normal@2x.png */; };
		F5F179881CDB569000F1D00D /* player_btn_playlist_highlight@2x.png in Resources */ = {isa = PBXBuildFile; fileRef = F5F179701CDB569000F1D00D /* player_btn_playlist_highlight@2x.png */; };
		F5F179891CDB569000F1D00D /* player_btn_playlist_normal@2x.png in Resources */ = {isa = PBXBuildFile; fileRef = F5F179711CDB569000F1D00D /* player_btn_playlist_normal@2x.png */; };
		F5F1798A1CDB569000F1D00D /* player_btn_random_disable@2x.png in Resources */ = {isa = PBXBuildFile; fileRef = F5F179721CDB569000F1D00D /* player_btn_random_disable@2x.png */; };
		F5F1798B1CDB569000F1D00D /* player_btn_random_highlight@2x.png in Resources */ = {isa = PBXBuildFile; fileRef = F5F179731CDB569000F1D00D /* player_btn_random_highlight@2x.png */; };
		F5F1798C1CDB569000F1D00D /* player_btn_random_normal@2x.png in Resources */ = {isa = PBXBuildFile; fileRef = F5F179741CDB569000F1D00D /* player_btn_random_normal@2x.png */; };
		F5F1798D1CDB569000F1D00D /* player_btn_repeat_disable@2x.png in Resources */ = {isa = PBXBuildFile; fileRef = F5F179751CDB569000F1D00D /* player_btn_repeat_disable@2x.png */; };
		F5F1798E1CDB569000F1D00D /* player_btn_repeat_highlight@2x.png in Resources */ = {isa = PBXBuildFile; fileRef = F5F179761CDB569000F1D00D /* player_btn_repeat_highlight@2x.png */; };
		F5F1798F1CDB569000F1D00D /* player_btn_repeat_normal@2x.png in Resources */ = {isa = PBXBuildFile; fileRef = F5F179771CDB569000F1D00D /* player_btn_repeat_normal@2x.png */; };
		F5F179901CDB569000F1D00D /* player_btn_repeatone_disable@2x.png in Resources */ = {isa = PBXBuildFile; fileRef = F5F179781CDB569000F1D00D /* player_btn_repeatone_disable@2x.png */; };
		F5F179911CDB569000F1D00D /* player_btn_repeatone_highlight@2x.png in Resources */ = {isa = PBXBuildFile; fileRef = F5F179791CDB569000F1D00D /* player_btn_repeatone_highlight@2x.png */; };
		F5F179921CDB569000F1D00D /* player_btn_repeatone_normal@2x.png in Resources */ = {isa = PBXBuildFile; fileRef = F5F1797A1CDB569000F1D00D /* player_btn_repeatone_normal@2x.png */; };
		F5F179931CDB569000F1D00D /* player_btn_share_disable@2x.png in Resources */ = {isa = PBXBuildFile; fileRef = F5F1797B1CDB569000F1D00D /* player_btn_share_disable@2x.png */; };
		F5F179941CDB569000F1D00D /* player_btn_share_highlight@2x.png in Resources */ = {isa = PBXBuildFile; fileRef = F5F1797C1CDB569000F1D00D /* player_btn_share_highlight@2x.png */; };
		F5F179951CDB569000F1D00D /* player_btn_share_normal@2x.png in Resources */ = {isa = PBXBuildFile; fileRef = F5F1797D1CDB569000F1D00D /* player_btn_share_normal@2x.png */; };
		F5F1799D1CDB569D00F1D00D /* chenyixun.jpg in Resources */ = {isa = PBXBuildFile; fileRef = F5F179961CDB569D00F1D00D /* chenyixun.jpg */; };
		F5F1799E1CDB569D00F1D00D /* gem.jpg in Resources */ = {isa = PBXBuildFile; fileRef = F5F179971CDB569D00F1D00D /* gem.jpg */; };
		F5F1799F1CDB569D00F1D00D /* jay.jpg in Resources */ = {isa = PBXBuildFile; fileRef = F5F179981CDB569D00F1D00D /* jay.jpg */; };
		F5F179A01CDB569D00F1D00D /* music.plist in Resources */ = {isa = PBXBuildFile; fileRef = F5F179991CDB569D00F1D00D /* music.plist */; };
		F5F179A11CDB569D00F1D00D /* player_albumblur_default@2x.png in Resources */ = {isa = PBXBuildFile; fileRef = F5F1799A1CDB569D00F1D00D /* player_albumblur_default@2x.png */; };
		F5F179A21CDB569D00F1D00D /* wangfei.jpg in Resources */ = {isa = PBXBuildFile; fileRef = F5F1799B1CDB569D00F1D00D /* wangfei.jpg */; };
		F5F179A31CDB569D00F1D00D /* wanglihong.jpg in Resources */ = {isa = PBXBuildFile; fileRef = F5F1799C1CDB569D00F1D00D /* wanglihong.jpg */; };
		F5F179A51CDB56A700F1D00D /* 2.mp3 in Resources */ = {isa = PBXBuildFile; fileRef = F5F179A41CDB56A700F1D00D /* 2.mp3 */; };
		F5F179A71CDB56AF00F1D00D /* 阿明 - 青春万岁.mp3 in Resources */ = {isa = PBXBuildFile; fileRef = F5F179A61CDB56AF00F1D00D /* 阿明 - 青春万岁.mp3 */; };
		F5F179A91CDB56C200F1D00D /* Tank - 白色钢琴.mp3 in Resources */ = {isa = PBXBuildFile; fileRef = F5F179A81CDB56C200F1D00D /* Tank - 白色钢琴.mp3 */; };
/* End PBXBuildFile section */

/* Begin PBXFileReference section */
		1596286ABEDEAF75052CED8F /* libPods-DoubanFM.a */ = {isa = PBXFileReference; explicitFileType = archive.ar; includeInIndex = 0; path = "libPods-DoubanFM.a"; sourceTree = BUILT_PRODUCTS_DIR; };
		6201FDCF1CD1AF22007D1363 /* DoubanFM.app */ = {isa = PBXFileReference; explicitFileType = wrapper.application; includeInIndex = 0; path = DoubanFM.app; sourceTree = BUILT_PRODUCTS_DIR; };
		6201FDD31CD1AF22007D1363 /* main.m */ = {isa = PBXFileReference; lastKnownFileType = sourcecode.c.objc; path = main.m; sourceTree = "<group>"; };
		6201FDD51CD1AF22007D1363 /* AppDelegate.h */ = {isa = PBXFileReference; lastKnownFileType = sourcecode.c.h; path = AppDelegate.h; sourceTree = "<group>"; };
		6201FDD61CD1AF22007D1363 /* AppDelegate.m */ = {isa = PBXFileReference; lastKnownFileType = sourcecode.c.objc; path = AppDelegate.m; sourceTree = "<group>"; };
		6201FDD81CD1AF22007D1363 /* ViewController.h */ = {isa = PBXFileReference; lastKnownFileType = sourcecode.c.h; path = ViewController.h; sourceTree = "<group>"; };
		6201FDD91CD1AF22007D1363 /* ViewController.m */ = {isa = PBXFileReference; lastKnownFileType = sourcecode.c.objc; path = ViewController.m; sourceTree = "<group>"; };
		6201FDDC1CD1AF22007D1363 /* Base */ = {isa = PBXFileReference; lastKnownFileType = file.storyboard; name = Base; path = Base.lproj/Main.storyboard; sourceTree = "<group>"; };
		6201FDDE1CD1AF22007D1363 /* Assets.xcassets */ = {isa = PBXFileReference; lastKnownFileType = folder.assetcatalog; path = Assets.xcassets; sourceTree = "<group>"; };
		6201FDE11CD1AF22007D1363 /* Base */ = {isa = PBXFileReference; lastKnownFileType = file.storyboard; name = Base; path = Base.lproj/LaunchScreen.storyboard; sourceTree = "<group>"; };
		6201FDE31CD1AF22007D1363 /* Info.plist */ = {isa = PBXFileReference; lastKnownFileType = text.plist.xml; path = Info.plist; sourceTree = "<group>"; };
		C0D6C9E9B1341BF25A4C4FAE /* Pods-DoubanFM.debug.xcconfig */ = {isa = PBXFileReference; includeInIndex = 1; lastKnownFileType = text.xcconfig; name = "Pods-DoubanFM.debug.xcconfig"; path = "Pods/Target Support Files/Pods-DoubanFM/Pods-DoubanFM.debug.xcconfig"; sourceTree = "<group>"; };
		F4BAE00EA6666D33699B4AD3 /* Pods-DoubanFM.release.xcconfig */ = {isa = PBXFileReference; includeInIndex = 1; lastKnownFileType = text.xcconfig; name = "Pods-DoubanFM.release.xcconfig"; path = "Pods/Target Support Files/Pods-DoubanFM/Pods-DoubanFM.release.xcconfig"; sourceTree = "<group>"; };
		F5F1792E1CDB566500F1D00D /* Default-568h.png */ = {isa = PBXFileReference; lastKnownFileType = image.png; path = "Default-568h.png"; sourceTree = "<group>"; };
		F5F1792F1CDB566500F1D00D /* Default-568h@2x.png */ = {isa = PBXFileReference; lastKnownFileType = image.png; path = "Default-568h@2x.png"; sourceTree = "<group>"; };
		F5F179301CDB566500F1D00D /* Default-iphone6@2x.png */ = {isa = PBXFileReference; lastKnownFileType = image.png; path = "Default-iphone6@2x.png"; sourceTree = "<group>"; };
		F5F179311CDB566500F1D00D /* Default-iphone6plus@3x.png */ = {isa = PBXFileReference; lastKnownFileType = image.png; path = "Default-iphone6plus@3x.png"; sourceTree = "<group>"; };
		F5F179321CDB566500F1D00D /* Default.png */ = {isa = PBXFileReference; lastKnownFileType = image.png; path = Default.png; sourceTree = "<group>"; };
		F5F179331CDB566500F1D00D /* Default@2x.png */ = {isa = PBXFileReference; lastKnownFileType = image.png; path = "Default@2x.png"; sourceTree = "<group>"; };
		F5F179341CDB566500F1D00D /* LaunchImage-568h@2x.png */ = {isa = PBXFileReference; lastKnownFileType = image.png; path = "LaunchImage-568h@2x.png"; sourceTree = "<group>"; };
		F5F179351CDB566500F1D00D /* LaunchImage-700-568h@2x.png */ = {isa = PBXFileReference; lastKnownFileType = image.png; path = "LaunchImage-700-568h@2x.png"; sourceTree = "<group>"; };
		F5F179361CDB566500F1D00D /* LaunchImage-700@2x.png */ = {isa = PBXFileReference; lastKnownFileType = image.png; path = "LaunchImage-700@2x.png"; sourceTree = "<group>"; };
		F5F179371CDB566500F1D00D /* LaunchImage-800-667h@2x.png */ = {isa = PBXFileReference; lastKnownFileType = image.png; path = "LaunchImage-800-667h@2x.png"; sourceTree = "<group>"; };
		F5F179381CDB566500F1D00D /* LaunchImage-800-Portrait-736h@3x.png */ = {isa = PBXFileReference; lastKnownFileType = image.png; path = "LaunchImage-800-Portrait-736h@3x.png"; sourceTree = "<group>"; };
		F5F179391CDB566500F1D00D /* LaunchImage.png */ = {isa = PBXFileReference; lastKnownFileType = image.png; path = LaunchImage.png; sourceTree = "<group>"; };
		F5F1793A1CDB566500F1D00D /* LaunchImage@2x.png */ = {isa = PBXFileReference; lastKnownFileType = image.png; path = "LaunchImage@2x.png"; sourceTree = "<group>"; };
		F5F179481CDB566F00F1D00D /* player_btn_close_highlight@2x.png */ = {isa = PBXFileReference; lastKnownFileType = image.png; path = "player_btn_close_highlight@2x.png"; sourceTree = "<group>"; };
		F5F179491CDB566F00F1D00D /* player_btn_close_normal@2x.png */ = {isa = PBXFileReference; lastKnownFileType = image.png; path = "player_btn_close_normal@2x.png"; sourceTree = "<group>"; };
		F5F1794A1CDB566F00F1D00D /* player_btn_more_highlight@2x.png */ = {isa = PBXFileReference; lastKnownFileType = image.png; path = "player_btn_more_highlight@2x.png"; sourceTree = "<group>"; };
		F5F1794B1CDB566F00F1D00D /* player_btn_more_normal@2x.png */ = {isa = PBXFileReference; lastKnownFileType = image.png; path = "player_btn_more_normal@2x.png"; sourceTree = "<group>"; };
		F5F179501CDB567900F1D00D /* player_btn_next_highlight@2x.png */ = {isa = PBXFileReference; lastKnownFileType = image.png; path = "player_btn_next_highlight@2x.png"; sourceTree = "<group>"; };
		F5F179511CDB567900F1D00D /* player_btn_next_normal@2x.png */ = {isa = PBXFileReference; lastKnownFileType = image.png; path = "player_btn_next_normal@2x.png"; sourceTree = "<group>"; };
		F5F179521CDB567900F1D00D /* player_btn_pause_highlight@2x.png */ = {isa = PBXFileReference; lastKnownFileType = image.png; path = "player_btn_pause_highlight@2x.png"; sourceTree = "<group>"; };
		F5F179531CDB567900F1D00D /* player_btn_pause_normal@2x.png */ = {isa = PBXFileReference; lastKnownFileType = image.png; path = "player_btn_pause_normal@2x.png"; sourceTree = "<group>"; };
		F5F179541CDB567900F1D00D /* player_btn_play_highlight@2x.png */ = {isa = PBXFileReference; lastKnownFileType = image.png; path = "player_btn_play_highlight@2x.png"; sourceTree = "<group>"; };
		F5F179551CDB567900F1D00D /* player_btn_play_normal@2x.png */ = {isa = PBXFileReference; lastKnownFileType = image.png; path = "player_btn_play_normal@2x.png"; sourceTree = "<group>"; };
		F5F179561CDB567900F1D00D /* player_btn_pre_highlight@2x.png */ = {isa = PBXFileReference; lastKnownFileType = image.png; path = "player_btn_pre_highlight@2x.png"; sourceTree = "<group>"; };
		F5F179571CDB567900F1D00D /* player_btn_pre_normal@2x.png */ = {isa = PBXFileReference; lastKnownFileType = image.png; path = "player_btn_pre_normal@2x.png"; sourceTree = "<group>"; };
		F5F179601CDB568400F1D00D /* player_slider_playback_left@2x.png */ = {isa = PBXFileReference; lastKnownFileType = image.png; path = "player_slider_playback_left@2x.png"; sourceTree = "<group>"; };
		F5F179611CDB568400F1D00D /* player_slider_playback_right@2x.png */ = {isa = PBXFileReference; lastKnownFileType = image.png; path = "player_slider_playback_right@2x.png"; sourceTree = "<group>"; };
		F5F179621CDB568400F1D00D /* player_slider_playback_thumb@2x.png */ = {isa = PBXFileReference; lastKnownFileType = image.png; path = "player_slider_playback_thumb@2x.png"; sourceTree = "<group>"; };
		F5F179661CDB569000F1D00D /* player_btn_download_disable@2x.png */ = {isa = PBXFileReference; lastKnownFileType = image.png; path = "player_btn_download_disable@2x.png"; sourceTree = "<group>"; };
		F5F179671CDB569000F1D00D /* player_btn_download_highlight@2x.png */ = {isa = PBXFileReference; lastKnownFileType = image.png; path = "player_btn_download_highlight@2x.png"; sourceTree = "<group>"; };
		F5F179681CDB569000F1D00D /* player_btn_download_normal@2x.png */ = {isa = PBXFileReference; lastKnownFileType = image.png; path = "player_btn_download_normal@2x.png"; sourceTree = "<group>"; };
		F5F179691CDB569000F1D00D /* player_btn_downloaded_highlight@2x.png */ = {isa = PBXFileReference; lastKnownFileType = image.png; path = "player_btn_downloaded_highlight@2x.png"; sourceTree = "<group>"; };
		F5F1796A1CDB569000F1D00D /* player_btn_downloaded_normal@2x.png */ = {isa = PBXFileReference; lastKnownFileType = image.png; path = "player_btn_downloaded_normal@2x.png"; sourceTree = "<group>"; };
		F5F1796B1CDB569000F1D00D /* player_btn_favorite_disable@2x.png */ = {isa = PBXFileReference; lastKnownFileType = image.png; path = "player_btn_favorite_disable@2x.png"; sourceTree = "<group>"; };
		F5F1796C1CDB569000F1D00D /* player_btn_favorite_highlight@2x.png */ = {isa = PBXFileReference; lastKnownFileType = image.png; path = "player_btn_favorite_highlight@2x.png"; sourceTree = "<group>"; };
		F5F1796D1CDB569000F1D00D /* player_btn_favorite_normal@2x.png */ = {isa = PBXFileReference; lastKnownFileType = image.png; path = "player_btn_favorite_normal@2x.png"; sourceTree = "<group>"; };
		F5F1796E1CDB569000F1D00D /* player_btn_favorited_highlight@2x.png */ = {isa = PBXFileReference; lastKnownFileType = image.png; path = "player_btn_favorited_highlight@2x.png"; sourceTree = "<group>"; };
		F5F1796F1CDB569000F1D00D /* player_btn_favorited_normal@2x.png */ = {isa = PBXFileReference; lastKnownFileType = image.png; path = "player_btn_favorited_normal@2x.png"; sourceTree = "<group>"; };
		F5F179701CDB569000F1D00D /* player_btn_playlist_highlight@2x.png */ = {isa = PBXFileReference; lastKnownFileType = image.png; path = "player_btn_playlist_highlight@2x.png"; sourceTree = "<group>"; };
		F5F179711CDB569000F1D00D /* player_btn_playlist_normal@2x.png */ = {isa = PBXFileReference; lastKnownFileType = image.png; path = "player_btn_playlist_normal@2x.png"; sourceTree = "<group>"; };
		F5F179721CDB569000F1D00D /* player_btn_random_disable@2x.png */ = {isa = PBXFileReference; lastKnownFileType = image.png; path = "player_btn_random_disable@2x.png"; sourceTree = "<group>"; };
		F5F179731CDB569000F1D00D /* player_btn_random_highlight@2x.png */ = {isa = PBXFileReference; lastKnownFileType = image.png; path = "player_btn_random_highlight@2x.png"; sourceTree = "<group>"; };
		F5F179741CDB569000F1D00D /* player_btn_random_normal@2x.png */ = {isa = PBXFileReference; lastKnownFileType = image.png; path = "player_btn_random_normal@2x.png"; sourceTree = "<group>"; };
		F5F179751CDB569000F1D00D /* player_btn_repeat_disable@2x.png */ = {isa = PBXFileReference; lastKnownFileType = image.png; path = "player_btn_repeat_disable@2x.png"; sourceTree = "<group>"; };
		F5F179761CDB569000F1D00D /* player_btn_repeat_highlight@2x.png */ = {isa = PBXFileReference; lastKnownFileType = image.png; path = "player_btn_repeat_highlight@2x.png"; sourceTree = "<group>"; };
		F5F179771CDB569000F1D00D /* player_btn_repeat_normal@2x.png */ = {isa = PBXFileReference; lastKnownFileType = image.png; path = "player_btn_repeat_normal@2x.png"; sourceTree = "<group>"; };
		F5F179781CDB569000F1D00D /* player_btn_repeatone_disable@2x.png */ = {isa = PBXFileReference; lastKnownFileType = image.png; path = "player_btn_repeatone_disable@2x.png"; sourceTree = "<group>"; };
		F5F179791CDB569000F1D00D /* player_btn_repeatone_highlight@2x.png */ = {isa = PBXFileReference; lastKnownFileType = image.png; path = "player_btn_repeatone_highlight@2x.png"; sourceTree = "<group>"; };
		F5F1797A1CDB569000F1D00D /* player_btn_repeatone_normal@2x.png */ = {isa = PBXFileReference; lastKnownFileType = image.png; path = "player_btn_repeatone_normal@2x.png"; sourceTree = "<group>"; };
		F5F1797B1CDB569000F1D00D /* player_btn_share_disable@2x.png */ = {isa = PBXFileReference; lastKnownFileType = image.png; path = "player_btn_share_disable@2x.png"; sourceTree = "<group>"; };
		F5F1797C1CDB569000F1D00D /* player_btn_share_highlight@2x.png */ = {isa = PBXFileReference; lastKnownFileType = image.png; path = "player_btn_share_highlight@2x.png"; sourceTree = "<group>"; };
		F5F1797D1CDB569000F1D00D /* player_btn_share_normal@2x.png */ = {isa = PBXFileReference; lastKnownFileType = image.png; path = "player_btn_share_normal@2x.png"; sourceTree = "<group>"; };
		F5F179961CDB569D00F1D00D /* chenyixun.jpg */ = {isa = PBXFileReference; lastKnownFileType = image.jpeg; path = chenyixun.jpg; sourceTree = "<group>"; };
		F5F179971CDB569D00F1D00D /* gem.jpg */ = {isa = PBXFileReference; lastKnownFileType = image.jpeg; path = gem.jpg; sourceTree = "<group>"; };
		F5F179981CDB569D00F1D00D /* jay.jpg */ = {isa = PBXFileReference; lastKnownFileType = image.jpeg; path = jay.jpg; sourceTree = "<group>"; };
		F5F179991CDB569D00F1D00D /* music.plist */ = {isa = PBXFileReference; fileEncoding = 4; lastKnownFileType = text.plist.xml; path = music.plist; sourceTree = "<group>"; };
		F5F1799A1CDB569D00F1D00D /* player_albumblur_default@2x.png */ = {isa = PBXFileReference; lastKnownFileType = image.png; path = "player_albumblur_default@2x.png"; sourceTree = "<group>"; };
		F5F1799B1CDB569D00F1D00D /* wangfei.jpg */ = {isa = PBXFileReference; lastKnownFileType = image.jpeg; path = wangfei.jpg; sourceTree = "<group>"; };
		F5F1799C1CDB569D00F1D00D /* wanglihong.jpg */ = {isa = PBXFileReference; lastKnownFileType = image.jpeg; path = wanglihong.jpg; sourceTree = "<group>"; };
		F5F179A41CDB56A700F1D00D /* 2.mp3 */ = {isa = PBXFileReference; lastKnownFileType = audio.mp3; path = 2.mp3; sourceTree = "<group>"; };
		F5F179A61CDB56AF00F1D00D /* 阿明 - 青春万岁.mp3 */ = {isa = PBXFileReference; lastKnownFileType = audio.mp3; path = "阿明 - 青春万岁.mp3"; sourceTree = "<group>"; };
		F5F179A81CDB56C200F1D00D /* Tank - 白色钢琴.mp3 */ = {isa = PBXFileReference; lastKnownFileType = audio.mp3; path = "Tank - 白色钢琴.mp3"; sourceTree = "<group>"; };
/* End PBXFileReference section */

/* Begin PBXFrameworksBuildPhase section */
		6201FDCC1CD1AF22007D1363 /* Frameworks */ = {
			isa = PBXFrameworksBuildPhase;
			buildActionMask = 2147483647;
			files = (
				EC812077F61D377C6D675444 /* libPods-DoubanFM.a in Frameworks */,
			);
			runOnlyForDeploymentPostprocessing = 0;
		};
/* End PBXFrameworksBuildPhase section */

/* Begin PBXGroup section */
		3761663743E19468CAF94D04 /* Frameworks */ = {
			isa = PBXGroup;
			children = (
				1596286ABEDEAF75052CED8F /* libPods-DoubanFM.a */,
			);
			name = Frameworks;
			sourceTree = "<group>";
		};
		6201FDC61CD1AF22007D1363 = {
			isa = PBXGroup;
			children = (
				F5F179A81CDB56C200F1D00D /* Tank - 白色钢琴.mp3 */,
				F5F179A61CDB56AF00F1D00D /* 阿明 - 青春万岁.mp3 */,
				F5F179A41CDB56A700F1D00D /* 2.mp3 */,
				6201FDD11CD1AF22007D1363 /* DoubanFM */,
				6201FDD01CD1AF22007D1363 /* Products */,
				6585C445A6129663EB6A3C05 /* Pods */,
				3761663743E19468CAF94D04 /* Frameworks */,
			);
			sourceTree = "<group>";
		};
		6201FDD01CD1AF22007D1363 /* Products */ = {
			isa = PBXGroup;
			children = (
				6201FDCF1CD1AF22007D1363 /* DoubanFM.app */,
			);
			name = Products;
			sourceTree = "<group>";
		};
		6201FDD11CD1AF22007D1363 /* DoubanFM */ = {
			isa = PBXGroup;
			children = (
				F5F179271CDB560800F1D00D /* music */,
				6201FDD51CD1AF22007D1363 /* AppDelegate.h */,
				6201FDD61CD1AF22007D1363 /* AppDelegate.m */,
				6201FDD81CD1AF22007D1363 /* ViewController.h */,
				6201FDD91CD1AF22007D1363 /* ViewController.m */,
				6201FDDB1CD1AF22007D1363 /* Main.storyboard */,
				6201FDDE1CD1AF22007D1363 /* Assets.xcassets */,
				6201FDE01CD1AF22007D1363 /* LaunchScreen.storyboard */,
				6201FDD21CD1AF22007D1363 /* Supporting Files */,
			);
			path = DoubanFM;
			sourceTree = "<group>";
		};
		6201FDD21CD1AF22007D1363 /* Supporting Files */ = {
			isa = PBXGroup;
			children = (
				6201FDE31CD1AF22007D1363 /* Info.plist */,
				6201FDD31CD1AF22007D1363 /* main.m */,
			);
			name = "Supporting Files";
			sourceTree = "<group>";
		};
		6585C445A6129663EB6A3C05 /* Pods */ = {
			isa = PBXGroup;
			children = (
				C0D6C9E9B1341BF25A4C4FAE /* Pods-DoubanFM.debug.xcconfig */,
				F4BAE00EA6666D33699B4AD3 /* Pods-DoubanFM.release.xcconfig */,
			);
			name = Pods;
			sourceTree = "<group>";
		};
		F5F179271CDB560800F1D00D /* music */ = {
			isa = PBXGroup;
			children = (
				F5F1792D1CDB564E00F1D00D /* songs */,
				F5F1792C1CDB563F00F1D00D /* 6-settings */,
				F5F1792B1CDB563700F1D00D /* 5-slider */,
				F5F1792A1CDB563000F1D00D /* 4-player */,
				F5F179291CDB562600F1D00D /* 3-top */,
				F5F179281CDB561700F1D00D /* 2-launch */,
			);
			name = music;
			sourceTree = "<group>";
		};
		F5F179281CDB561700F1D00D /* 2-launch */ = {
			isa = PBXGroup;
			children = (
				F5F1792E1CDB566500F1D00D /* Default-568h.png */,
				F5F1792F1CDB566500F1D00D /* Default-568h@2x.png */,
				F5F179301CDB566500F1D00D /* Default-iphone6@2x.png */,
				F5F179311CDB566500F1D00D /* Default-iphone6plus@3x.png */,
				F5F179321CDB566500F1D00D /* Default.png */,
				F5F179331CDB566500F1D00D /* Default@2x.png */,
				F5F179341CDB566500F1D00D /* LaunchImage-568h@2x.png */,
				F5F179351CDB566500F1D00D /* LaunchImage-700-568h@2x.png */,
				F5F179361CDB566500F1D00D /* LaunchImage-700@2x.png */,
				F5F179371CDB566500F1D00D /* LaunchImage-800-667h@2x.png */,
				F5F179381CDB566500F1D00D /* LaunchImage-800-Portrait-736h@3x.png */,
				F5F179391CDB566500F1D00D /* LaunchImage.png */,
				F5F1793A1CDB566500F1D00D /* LaunchImage@2x.png */,
			);
			name = "2-launch";
			sourceTree = "<group>";
		};
		F5F179291CDB562600F1D00D /* 3-top */ = {
			isa = PBXGroup;
			children = (
				F5F179481CDB566F00F1D00D /* player_btn_close_highlight@2x.png */,
				F5F179491CDB566F00F1D00D /* player_btn_close_normal@2x.png */,
				F5F1794A1CDB566F00F1D00D /* player_btn_more_highlight@2x.png */,
				F5F1794B1CDB566F00F1D00D /* player_btn_more_normal@2x.png */,
			);
			name = "3-top";
			sourceTree = "<group>";
		};
		F5F1792A1CDB563000F1D00D /* 4-player */ = {
			isa = PBXGroup;
			children = (
				F5F179501CDB567900F1D00D /* player_btn_next_highlight@2x.png */,
				F5F179511CDB567900F1D00D /* player_btn_next_normal@2x.png */,
				F5F179521CDB567900F1D00D /* player_btn_pause_highlight@2x.png */,
				F5F179531CDB567900F1D00D /* player_btn_pause_normal@2x.png */,
				F5F179541CDB567900F1D00D /* player_btn_play_highlight@2x.png */,
				F5F179551CDB567900F1D00D /* player_btn_play_normal@2x.png */,
				F5F179561CDB567900F1D00D /* player_btn_pre_highlight@2x.png */,
				F5F179571CDB567900F1D00D /* player_btn_pre_normal@2x.png */,
			);
			name = "4-player";
			sourceTree = "<group>";
		};
		F5F1792B1CDB563700F1D00D /* 5-slider */ = {
			isa = PBXGroup;
			children = (
				F5F179601CDB568400F1D00D /* player_slider_playback_left@2x.png */,
				F5F179611CDB568400F1D00D /* player_slider_playback_right@2x.png */,
				F5F179621CDB568400F1D00D /* player_slider_playback_thumb@2x.png */,
			);
			name = "5-slider";
			sourceTree = "<group>";
		};
		F5F1792C1CDB563F00F1D00D /* 6-settings */ = {
			isa = PBXGroup;
			children = (
				F5F179661CDB569000F1D00D /* player_btn_download_disable@2x.png */,
				F5F179671CDB569000F1D00D /* player_btn_download_highlight@2x.png */,
				F5F179681CDB569000F1D00D /* player_btn_download_normal@2x.png */,
				F5F179691CDB569000F1D00D /* player_btn_downloaded_highlight@2x.png */,
				F5F1796A1CDB569000F1D00D /* player_btn_downloaded_normal@2x.png */,
				F5F1796B1CDB569000F1D00D /* player_btn_favorite_disable@2x.png */,
				F5F1796C1CDB569000F1D00D /* player_btn_favorite_highlight@2x.png */,
				F5F1796D1CDB569000F1D00D /* player_btn_favorite_normal@2x.png */,
				F5F1796E1CDB569000F1D00D /* player_btn_favorited_highlight@2x.png */,
				F5F1796F1CDB569000F1D00D /* player_btn_favorited_normal@2x.png */,
				F5F179701CDB569000F1D00D /* player_btn_playlist_highlight@2x.png */,
				F5F179711CDB569000F1D00D /* player_btn_playlist_normal@2x.png */,
				F5F179721CDB569000F1D00D /* player_btn_random_disable@2x.png */,
				F5F179731CDB569000F1D00D /* player_btn_random_highlight@2x.png */,
				F5F179741CDB569000F1D00D /* player_btn_random_normal@2x.png */,
				F5F179751CDB569000F1D00D /* player_btn_repeat_disable@2x.png */,
				F5F179761CDB569000F1D00D /* player_btn_repeat_highlight@2x.png */,
				F5F179771CDB569000F1D00D /* player_btn_repeat_normal@2x.png */,
				F5F179781CDB569000F1D00D /* player_btn_repeatone_disable@2x.png */,
				F5F179791CDB569000F1D00D /* player_btn_repeatone_highlight@2x.png */,
				F5F1797A1CDB569000F1D00D /* player_btn_repeatone_normal@2x.png */,
				F5F1797B1CDB569000F1D00D /* player_btn_share_disable@2x.png */,
				F5F1797C1CDB569000F1D00D /* player_btn_share_highlight@2x.png */,
				F5F1797D1CDB569000F1D00D /* player_btn_share_normal@2x.png */,
			);
			name = "6-settings";
			sourceTree = "<group>";
		};
		F5F1792D1CDB564E00F1D00D /* songs */ = {
			isa = PBXGroup;
			children = (
				F5F179961CDB569D00F1D00D /* chenyixun.jpg */,
				F5F179971CDB569D00F1D00D /* gem.jpg */,
				F5F179981CDB569D00F1D00D /* jay.jpg */,
				F5F179991CDB569D00F1D00D /* music.plist */,
				F5F1799A1CDB569D00F1D00D /* player_albumblur_default@2x.png */,
				F5F1799B1CDB569D00F1D00D /* wangfei.jpg */,
				F5F1799C1CDB569D00F1D00D /* wanglihong.jpg */,
			);
			name = songs;
			sourceTree = "<group>";
		};
/* End PBXGroup section */

/* Begin PBXNativeTarget section */
		6201FDCE1CD1AF22007D1363 /* DoubanFM */ = {
			isa = PBXNativeTarget;
			buildConfigurationList = 6201FDE61CD1AF22007D1363 /* Build configuration list for PBXNativeTarget "DoubanFM" */;
			buildPhases = (
				BC2F88F368D8B521E713A41D /* 📦 Check Pods Manifest.lock */,
				6201FDCB1CD1AF22007D1363 /* Sources */,
				6201FDCC1CD1AF22007D1363 /* Frameworks */,
				6201FDCD1CD1AF22007D1363 /* Resources */,
				AA137EAE5A63A67E0770A433 /* 📦 Embed Pods Frameworks */,
				159D66298F6C4A67AE1C92D1 /* 📦 Copy Pods Resources */,
			);
			buildRules = (
			);
			dependencies = (
			);
			name = DoubanFM;
			productName = DoubanFM;
			productReference = 6201FDCF1CD1AF22007D1363 /* DoubanFM.app */;
			productType = "com.apple.product-type.application";
		};
/* End PBXNativeTarget section */

/* Begin PBXProject section */
		6201FDC71CD1AF22007D1363 /* Project object */ = {
			isa = PBXProject;
			attributes = {
				LastUpgradeCheck = 0720;
				ORGANIZATIONNAME = "康康";
				TargetAttributes = {
					6201FDCE1CD1AF22007D1363 = {
						CreatedOnToolsVersion = 7.2.1;
					};
				};
			};
			buildConfigurationList = 6201FDCA1CD1AF22007D1363 /* Build configuration list for PBXProject "DoubanFM" */;
			compatibilityVersion = "Xcode 3.2";
			developmentRegion = English;
			hasScannedForEncodings = 0;
			knownRegions = (
				en,
				Base,
			);
			mainGroup = 6201FDC61CD1AF22007D1363;
			productRefGroup = 6201FDD01CD1AF22007D1363 /* Products */;
			projectDirPath = "";
			projectRoot = "";
			targets = (
				6201FDCE1CD1AF22007D1363 /* DoubanFM */,
			);
		};
/* End PBXProject section */

/* Begin PBXResourcesBuildPhase section */
		6201FDCD1CD1AF22007D1363 /* Resources */ = {
			isa = PBXResourcesBuildPhase;
			buildActionMask = 2147483647;
			files = (
				F5F179851CDB569000F1D00D /* player_btn_favorite_normal@2x.png in Resources */,
				F5F1798D1CDB569000F1D00D /* player_btn_repeat_disable@2x.png in Resources */,
				F5F1793B1CDB566500F1D00D /* Default-568h.png in Resources */,
				F5F1798B1CDB569000F1D00D /* player_btn_random_highlight@2x.png in Resources */,
				F5F179A71CDB56AF00F1D00D /* 阿明 - 青春万岁.mp3 in Resources */,
				F5F179651CDB568400F1D00D /* player_slider_playback_thumb@2x.png in Resources */,
				F5F179631CDB568400F1D00D /* player_slider_playback_left@2x.png in Resources */,
				F5F179581CDB567900F1D00D /* player_btn_next_highlight@2x.png in Resources */,
				F5F179951CDB569000F1D00D /* player_btn_share_normal@2x.png in Resources */,
				6201FDE21CD1AF22007D1363 /* LaunchScreen.storyboard in Resources */,
				F5F179441CDB566500F1D00D /* LaunchImage-800-667h@2x.png in Resources */,
				F5F179A21CDB569D00F1D00D /* wangfei.jpg in Resources */,
				F5F1799F1CDB569D00F1D00D /* jay.jpg in Resources */,
				F5F179591CDB567900F1D00D /* player_btn_next_normal@2x.png in Resources */,
				F5F179911CDB569000F1D00D /* player_btn_repeatone_highlight@2x.png in Resources */,
				F5F179801CDB569000F1D00D /* player_btn_download_normal@2x.png in Resources */,
				F5F179821CDB569000F1D00D /* player_btn_downloaded_normal@2x.png in Resources */,
				F5F1795D1CDB567900F1D00D /* player_btn_play_normal@2x.png in Resources */,
				F5F179931CDB569000F1D00D /* player_btn_share_disable@2x.png in Resources */,
				F5F179421CDB566500F1D00D /* LaunchImage-700-568h@2x.png in Resources */,
				F5F179831CDB569000F1D00D /* player_btn_favorite_disable@2x.png in Resources */,
				F5F179811CDB569000F1D00D /* player_btn_downloaded_highlight@2x.png in Resources */,
				F5F1795C1CDB567900F1D00D /* player_btn_play_highlight@2x.png in Resources */,
				F5F179411CDB566500F1D00D /* LaunchImage-568h@2x.png in Resources */,
				6201FDDF1CD1AF22007D1363 /* Assets.xcassets in Resources */,
				F5F1795E1CDB567900F1D00D /* player_btn_pre_highlight@2x.png in Resources */,
				F5F179451CDB566500F1D00D /* LaunchImage-800-Portrait-736h@3x.png in Resources */,
				F5F179401CDB566500F1D00D /* Default@2x.png in Resources */,
				F5F1798A1CDB569000F1D00D /* player_btn_random_disable@2x.png in Resources */,
				F5F179861CDB569000F1D00D /* player_btn_favorited_highlight@2x.png in Resources */,
				F5F179841CDB569000F1D00D /* player_btn_favorite_highlight@2x.png in Resources */,
				F5F1793F1CDB566500F1D00D /* Default.png in Resources */,
				F5F1793E1CDB566500F1D00D /* Default-iphone6plus@3x.png in Resources */,
				F5F179A01CDB569D00F1D00D /* music.plist in Resources */,
				F5F179A51CDB56A700F1D00D /* 2.mp3 in Resources */,
				F5F179901CDB569000F1D00D /* player_btn_repeatone_disable@2x.png in Resources */,
				F5F1795F1CDB567900F1D00D /* player_btn_pre_normal@2x.png in Resources */,
				F5F179A11CDB569D00F1D00D /* player_albumblur_default@2x.png in Resources */,
				F5F1794D1CDB566F00F1D00D /* player_btn_close_normal@2x.png in Resources */,
				F5F1799E1CDB569D00F1D00D /* gem.jpg in Resources */,
				F5F1798F1CDB569000F1D00D /* player_btn_repeat_normal@2x.png in Resources */,
				F5F1793C1CDB566500F1D00D /* Default-568h@2x.png in Resources */,
				F5F1798E1CDB569000F1D00D /* player_btn_repeat_highlight@2x.png in Resources */,
				F5F1794F1CDB566F00F1D00D /* player_btn_more_normal@2x.png in Resources */,
				F5F179461CDB566500F1D00D /* LaunchImage.png in Resources */,
				F5F1795B1CDB567900F1D00D /* player_btn_pause_normal@2x.png in Resources */,
				F5F179641CDB568400F1D00D /* player_slider_playback_right@2x.png in Resources */,
				F5F179431CDB566500F1D00D /* LaunchImage-700@2x.png in Resources */,
				F5F1794E1CDB566F00F1D00D /* player_btn_more_highlight@2x.png in Resources */,
				F5F1797F1CDB569000F1D00D /* player_btn_download_highlight@2x.png in Resources */,
				F5F179471CDB566500F1D00D /* LaunchImage@2x.png in Resources */,
				F5F179A31CDB569D00F1D00D /* wanglihong.jpg in Resources */,
				F5F179A91CDB56C200F1D00D /* Tank - 白色钢琴.mp3 in Resources */,
				F5F1795A1CDB567900F1D00D /* player_btn_pause_highlight@2x.png in Resources */,
				F5F179871CDB569000F1D00D /* player_btn_favorited_normal@2x.png in Resources */,
				F5F179891CDB569000F1D00D /* player_btn_playlist_normal@2x.png in Resources */,
				F5F1799D1CDB569D00F1D00D /* chenyixun.jpg in Resources */,
				F5F179881CDB569000F1D00D /* player_btn_playlist_highlight@2x.png in Resources */,
				F5F1793D1CDB566500F1D00D /* Default-iphone6@2x.png in Resources */,
				F5F1797E1CDB569000F1D00D /* player_btn_download_disable@2x.png in Resources */,
				F5F179941CDB569000F1D00D /* player_btn_share_highlight@2x.png in Resources */,
				6201FDDD1CD1AF22007D1363 /* Main.storyboard in Resources */,
				F5F179921CDB569000F1D00D /* player_btn_repeatone_normal@2x.png in Resources */,
				F5F1798C1CDB569000F1D00D /* player_btn_random_normal@2x.png in Resources */,
				F5F1794C1CDB566F00F1D00D /* player_btn_close_highlight@2x.png in Resources */,
			);
			runOnlyForDeploymentPostprocessing = 0;
		};
/* End PBXResourcesBuildPhase section */

/* Begin PBXShellScriptBuildPhase section */
		159D66298F6C4A67AE1C92D1 /* 📦 Copy Pods Resources */ = {
			isa = PBXShellScriptBuildPhase;
			buildActionMask = 2147483647;
			files = (
			);
			inputPaths = (
			);
			name = "📦 Copy Pods Resources";
			outputPaths = (
			);
			runOnlyForDeploymentPostprocessing = 0;
			shellPath = /bin/sh;
			shellScript = "\"${SRCROOT}/Pods/Target Support Files/Pods-DoubanFM/Pods-DoubanFM-resources.sh\"\n";
			showEnvVarsInLog = 0;
		};
		AA137EAE5A63A67E0770A433 /* 📦 Embed Pods Frameworks */ = {
			isa = PBXShellScriptBuildPhase;
			buildActionMask = 2147483647;
			files = (
			);
			inputPaths = (
			);
			name = "📦 Embed Pods Frameworks";
			outputPaths = (
			);
			runOnlyForDeploymentPostprocessing = 0;
			shellPath = /bin/sh;
			shellScript = "\"${SRCROOT}/Pods/Target Support Files/Pods-DoubanFM/Pods-DoubanFM-frameworks.sh\"\n";
			showEnvVarsInLog = 0;
		};
		BC2F88F368D8B521E713A41D /* 📦 Check Pods Manifest.lock */ = {
			isa = PBXShellScriptBuildPhase;
			buildActionMask = 2147483647;
			files = (
			);
			inputPaths = (
			);
			name = "📦 Check Pods Manifest.lock";
			outputPaths = (
			);
			runOnlyForDeploymentPostprocessing = 0;
			shellPath = /bin/sh;
			shellScript = "diff \"${PODS_ROOT}/../Podfile.lock\" \"${PODS_ROOT}/Manifest.lock\" > /dev/null\nif [[ $? != 0 ]] ; then\n    cat << EOM\nerror: The sandbox is not in sync with the Podfile.lock. Run 'pod install' or update your CocoaPods installation.\nEOM\n    exit 1\nfi\n";
			showEnvVarsInLog = 0;
		};
/* End PBXShellScriptBuildPhase section */

/* Begin PBXSourcesBuildPhase section */
		6201FDCB1CD1AF22007D1363 /* Sources */ = {
			isa = PBXSourcesBuildPhase;
			buildActionMask = 2147483647;
			files = (
				6201FDDA1CD1AF22007D1363 /* ViewController.m in Sources */,
				6201FDD71CD1AF22007D1363 /* AppDelegate.m in Sources */,
				6201FDD41CD1AF22007D1363 /* main.m in Sources */,
			);
			runOnlyForDeploymentPostprocessing = 0;
		};
/* End PBXSourcesBuildPhase section */

/* Begin PBXVariantGroup section */
		6201FDDB1CD1AF22007D1363 /* Main.storyboard */ = {
			isa = PBXVariantGroup;
			children = (
				6201FDDC1CD1AF22007D1363 /* Base */,
			);
			name = Main.storyboard;
			sourceTree = "<group>";
		};
		6201FDE01CD1AF22007D1363 /* LaunchScreen.storyboard */ = {
			isa = PBXVariantGroup;
			children = (
				6201FDE11CD1AF22007D1363 /* Base */,
			);
			name = LaunchScreen.storyboard;
			sourceTree = "<group>";
		};
/* End PBXVariantGroup section */

/* Begin XCBuildConfiguration section */
		6201FDE41CD1AF22007D1363 /* Debug */ = {
			isa = XCBuildConfiguration;
			buildSettings = {
				ALWAYS_SEARCH_USER_PATHS = NO;
				CLANG_CXX_LANGUAGE_STANDARD = "gnu++0x";
				CLANG_CXX_LIBRARY = "libc++";
				CLANG_ENABLE_MODULES = YES;
				CLANG_ENABLE_OBJC_ARC = YES;
				CLANG_WARN_BOOL_CONVERSION = YES;
				CLANG_WARN_CONSTANT_CONVERSION = YES;
				CLANG_WARN_DIRECT_OBJC_ISA_USAGE = YES_ERROR;
				CLANG_WARN_EMPTY_BODY = YES;
				CLANG_WARN_ENUM_CONVERSION = YES;
				CLANG_WARN_INT_CONVERSION = YES;
				CLANG_WARN_OBJC_ROOT_CLASS = YES_ERROR;
				CLANG_WARN_UNREACHABLE_CODE = YES;
				CLANG_WARN__DUPLICATE_METHOD_MATCH = YES;
				"CODE_SIGN_IDENTITY[sdk=iphoneos*]" = "iPhone Developer";
				COPY_PHASE_STRIP = NO;
				DEBUG_INFORMATION_FORMAT = dwarf;
				ENABLE_STRICT_OBJC_MSGSEND = YES;
				ENABLE_TESTABILITY = YES;
				GCC_C_LANGUAGE_STANDARD = gnu99;
				GCC_DYNAMIC_NO_PIC = NO;
				GCC_NO_COMMON_BLOCKS = YES;
				GCC_OPTIMIZATION_LEVEL = 0;
				GCC_PREPROCESSOR_DEFINITIONS = (
					"DEBUG=1",
					"$(inherited)",
				);
				GCC_WARN_64_TO_32_BIT_CONVERSION = YES;
				GCC_WARN_ABOUT_RETURN_TYPE = YES_ERROR;
				GCC_WARN_UNDECLARED_SELECTOR = YES;
				GCC_WARN_UNINITIALIZED_AUTOS = YES_AGGRESSIVE;
				GCC_WARN_UNUSED_FUNCTION = YES;
				GCC_WARN_UNUSED_VARIABLE = YES;
				IPHONEOS_DEPLOYMENT_TARGET = 9.1;
				MTL_ENABLE_DEBUG_INFO = YES;
				ONLY_ACTIVE_ARCH = YES;
				SDKROOT = iphoneos;
				TARGETED_DEVICE_FAMILY = "1,2";
			};
			name = Debug;
		};
		6201FDE51CD1AF22007D1363 /* Release */ = {
			isa = XCBuildConfiguration;
			buildSettings = {
				ALWAYS_SEARCH_USER_PATHS = NO;
				CLANG_CXX_LANGUAGE_STANDARD = "gnu++0x";
				CLANG_CXX_LIBRARY = "libc++";
				CLANG_ENABLE_MODULES = YES;
				CLANG_ENABLE_OBJC_ARC = YES;
				CLANG_WARN_BOOL_CONVERSION = YES;
				CLANG_WARN_CONSTANT_CONVERSION = YES;
				CLANG_WARN_DIRECT_OBJC_ISA_USAGE = YES_ERROR;
				CLANG_WARN_EMPTY_BODY = YES;
				CLANG_WARN_ENUM_CONVERSION = YES;
				CLANG_WARN_INT_CONVERSION = YES;
				CLANG_WARN_OBJC_ROOT_CLASS = YES_ERROR;
				CLANG_WARN_UNREACHABLE_CODE = YES;
				CLANG_WARN__DUPLICATE_METHOD_MATCH = YES;
				"CODE_SIGN_IDENTITY[sdk=iphoneos*]" = "iPhone Developer";
				COPY_PHASE_STRIP = NO;
				DEBUG_INFORMATION_FORMAT = "dwarf-with-dsym";
				ENABLE_NS_ASSERTIONS = NO;
				ENABLE_STRICT_OBJC_MSGSEND = YES;
				GCC_C_LANGUAGE_STANDARD = gnu99;
				GCC_NO_COMMON_BLOCKS = YES;
				GCC_WARN_64_TO_32_BIT_CONVERSION = YES;
				GCC_WARN_ABOUT_RETURN_TYPE = YES_ERROR;
				GCC_WARN_UNDECLARED_SELECTOR = YES;
				GCC_WARN_UNINITIALIZED_AUTOS = YES_AGGRESSIVE;
				GCC_WARN_UNUSED_FUNCTION = YES;
				GCC_WARN_UNUSED_VARIABLE = YES;
				IPHONEOS_DEPLOYMENT_TARGET = 9.1;
				MTL_ENABLE_DEBUG_INFO = NO;
				SDKROOT = iphoneos;
				TARGETED_DEVICE_FAMILY = "1,2";
				VALIDATE_PRODUCT = YES;
			};
			name = Release;
		};
		6201FDE71CD1AF22007D1363 /* Debug */ = {
			isa = XCBuildConfiguration;
			baseConfigurationReference = C0D6C9E9B1341BF25A4C4FAE /* Pods-DoubanFM.debug.xcconfig */;
			buildSettings = {
				ASSETCATALOG_COMPILER_APPICON_NAME = AppIcon;
				INFOPLIST_FILE = DoubanFM/Info.plist;
				IPHONEOS_DEPLOYMENT_TARGET = 9.1;
				LD_RUNPATH_SEARCH_PATHS = "$(inherited) @executable_path/Frameworks";
				PRODUCT_BUNDLE_IDENTIFIER = "--.DoubanFM";
				PRODUCT_NAME = "$(TARGET_NAME)";
			};
			name = Debug;
		};
		6201FDE81CD1AF22007D1363 /* Release */ = {
			isa = XCBuildConfiguration;
			baseConfigurationReference = F4BAE00EA6666D33699B4AD3 /* Pods-DoubanFM.release.xcconfig */;
			buildSettings = {
				ASSETCATALOG_COMPILER_APPICON_NAME = AppIcon;
				INFOPLIST_FILE = DoubanFM/Info.plist;
				IPHONEOS_DEPLOYMENT_TARGET = 9.1;
				LD_RUNPATH_SEARCH_PATHS = "$(inherited) @executable_path/Frameworks";
				PRODUCT_BUNDLE_IDENTIFIER = "--.DoubanFM";
				PRODUCT_NAME = "$(TARGET_NAME)";
			};
			name = Release;
		};
/* End XCBuildConfiguration section */

/* Begin XCConfigurationList section */
		6201FDCA1CD1AF22007D1363 /* Build configuration list for PBXProject "DoubanFM" */ = {
			isa = XCConfigurationList;
			buildConfigurations = (
				6201FDE41CD1AF22007D1363 /* Debug */,
				6201FDE51CD1AF22007D1363 /* Release */,
			);
			defaultConfigurationIsVisible = 0;
			defaultConfigurationName = Release;
		};
		6201FDE61CD1AF22007D1363 /* Build configuration list for PBXNativeTarget "DoubanFM" */ = {
			isa = XCConfigurationList;
			buildConfigurations = (
				6201FDE71CD1AF22007D1363 /* Debug */,
				6201FDE81CD1AF22007D1363 /* Release */,
			);
			defaultConfigurationIsVisible = 0;
			defaultConfigurationName = Release;
		};
/* End XCConfigurationList section */
	};
	rootObject = 6201FDC71CD1AF22007D1363 /* Project object */;
}
